
Microsoft Visual Studio Solution File, Format Version 12.00
# Visual Studio Version 17
VisualStudioVersion = 17.11.35222.181
MinimumVisualStudioVersion = 10.0.40219.1
Project("{FAE04EC0-301F-11D3-BF4B-00C04F79EFBC}") = "TgBotTop", "TgBotTop\TgBotTop.csproj", "{F003C0FF-451E-4F10-A2E4-511602F5DFE9}"
EndProject
Global
	GlobalSection(SolutionConfigurationPlatforms) = preSolution
		Debug|Any CPU = Debug|Any CPU
		Release|Any CPU = Release|Any CPU
	EndGlobalSection
	GlobalSection(ProjectConfigurationPlatforms) = postSolution
		{F003C0FF-451E-4F10-A2E4-511602F5DFE9}.Debug|Any CPU.ActiveCfg = Debug|Any CPU
		{F003C0FF-451E-4F10-A2E4-511602F5DFE9}.Debug|Any CPU.Build.0 = Debug|Any CPU
		{F003C0FF-451E-4F10-A2E4-511602F5DFE9}.Release|Any CPU.ActiveCfg = Release|Any CPU
		{F003C0FF-451E-4F10-A2E4-511602F5DFE9}.Release|Any CPU.Build.0 = Release|Any CPU
	EndGlobalSection
	GlobalSection(SolutionProperties) = preSolution
		HideSolutionNode = FALSE
	EndGlobalSection
	GlobalSection(ExtensibilityGlobals) = postSolution
		SolutionGuid = {1CB25C24-C7F2-414B-BA7B-A82BA454C0CE}
	EndGlobalSection
EndGlobal
